
Microsoft Visual Studio Solution File, Format Version 12.00
# Visual Studio 14
VisualStudioVersion = 14.0.25420.1
MinimumVisualStudioVersion = 10.0.40219.1
Project("{FAE04EC0-301F-11D3-BF4B-00C04F79EFBC}") = "GetVendorID", "GetVendorID\GetVendorID.csproj", "{5587FD44-1FC2-4B64-A82B-76F5C89ED952}"
EndProject
Global
	GlobalSection(SolutionConfigurationPlatforms) = preSolution
		Debug|Any CPU = Debug|Any CPU
		Release|Any CPU = Release|Any CPU
	EndGlobalSection
	GlobalSection(ProjectConfigurationPlatforms) = postSolution
		{5587FD44-1FC2-4B64-A82B-76F5C89ED952}.Debug|Any CPU.ActiveCfg = Debug|Any CPU
		{5587FD44-1FC2-4B64-A82B-76F5C89ED952}.Debug|Any CPU.Build.0 = Debug|Any CPU
		{5587FD44-1FC2-4B64-A82B-76F5C89ED952}.Release|Any CPU.ActiveCfg = Release|Any CPU
		{5587FD44-1FC2-4B64-A82B-76F5C89ED952}.Release|Any CPU.Build.0 = Release|Any CPU
	EndGlobalSection
	GlobalSection(SolutionProperties) = preSolution
		HideSolutionNode = FALSE
	EndGlobalSection
EndGlobal
